
Microsoft Visual Studio Solution File, Format Version 12.00
# Visual Studio Version 17
VisualStudioVersion = 17.0.32126.317
MinimumVisualStudioVersion = 10.0.40219.1
Project("{FAE04EC0-301F-11D3-BF4B-00C04F79EFBC}") = "CRUD - CEDULA FORM", "CRUD - CEDULA FORM\CRUD - CEDULA FORM.csproj", "{9141856C-8111-49F1-9089-B289D0EBAF0A}"
EndProject
Global
	GlobalSection(SolutionConfigurationPlatforms) = preSolution
		Debug|Any CPU = Debug|Any CPU
		Release|Any CPU = Release|Any CPU
	EndGlobalSection
	GlobalSection(ProjectConfigurationPlatforms) = postSolution
		{9141856C-8111-49F1-9089-B289D0EBAF0A}.Debug|Any CPU.ActiveCfg = Debug|Any CPU
		{9141856C-8111-49F1-9089-B289D0EBAF0A}.Debug|Any CPU.Build.0 = Debug|Any CPU
		{9141856C-8111-49F1-9089-B289D0EBAF0A}.Release|Any CPU.ActiveCfg = Release|Any CPU
		{9141856C-8111-49F1-9089-B289D0EBAF0A}.Release|Any CPU.Build.0 = Release|Any CPU
	EndGlobalSection
	GlobalSection(SolutionProperties) = preSolution
		HideSolutionNode = FALSE
	EndGlobalSection
	GlobalSection(ExtensibilityGlobals) = postSolution
		SolutionGuid = {748DA664-76A1-4679-9C36-69D373CBD986}
	EndGlobalSection
EndGlobal
